<?xml version="1.0" encoding="UTF-8"?>
<Scheme
   version = "1.3">
   <BuildAction>
      <BuildActionEntries>
         <BuildActionEntry
            buildForRunning = "YES">
            <BuildableReference
               BuildableIdentifier = "primary"
               BlueprintIdentifier = "47D9AFFC520367BD217000EE"
               BuildableName = "PictureFrameDemo.app"
               BlueprintName = "PictureFrameDemo"
               ReferencedContainer = "container:PictureFrameDemo.xcodeproj">
            </BuildableReference>
         </BuildActionEntry>
      </BuildActionEntries>
   </BuildAction>
   <LaunchAction
      useCustomWorkingDirectory = "NO"
      buildConfiguration = "Debug"
      allowLocationSimulation = "YES">
      <BuildableProductRunnable>
         <BuildableReference
            BuildableIdentifier = "primary"
            BlueprintIdentifier = "47D9AFFC520367BD217000EE"
            BuildableName = "PictureFrameDemo.app"
            BlueprintName = "PictureFrameDemo"
            ReferencedContainer = "container:PictureFrameDemo.xcodeproj">
         </BuildableReference>
      </BuildableProductRunnable>
   </LaunchAction>
</Scheme>
